{
  "name": "feature-urgent-notify",
  "version": "1.0.0",
  "lockfileVersion": 3,
  "requires": true,
  "packages": {
    "": {
      "name": "feature-urgent-notify",
      "version": "1.0.0",
      "license": "ISC",
      "dependencies": {
        "@ctrl/tinycolor": "2.1.0"
      }
    },
    "node_modules/@ctrl/tinycolor": {
      "version": "2.1.0",
      "resolved": "https://registry.npmjs.org/@ctrl/tinycolor/-/tinycolor-2.1.0.tgz",
      "integrity": "sha512-JcPiFxUZqUFah3Hz0MCWUQzefQdzkORJQ+evMsWlRrMZA5DsbD7dRCyR2E1FbadKJIxO2Ddnb8fzRKO1Vp0EPQ==",
      "license": "MIT",
      "engines": {
        "node": ">=8.0.0"
      }
    }
  }
}
