{
  "name": "feature-urgent-notify",
  "version": "1.0.0",
  "lockfileVersion": 3,
  "requires": true,
  "packages": {
    "": {
      "name": "feature-urgent-notify",
      "version": "1.0.0",
      "license": "ISC",
      "dependencies": {
        "@ctrl/tinycolor": "3.1.6"
      }
    },
    "node_modules/@ctrl/tinycolor": {
      "version": "3.1.6",
      "resolved": "https://registry.npmjs.org/@ctrl/tinycolor/-/tinycolor-3.1.6.tgz",
      "integrity": "sha512-9RUTT3omv+5mSYFVsX143R7cTDQmT1FibCzoUVmO294mRIT0Sc8dk5srN27BTH0JKzQDWKkNCKh6q/+EkNfpkA==",
      "license": "MIT",
      "engines": {
        "node": ">=10.19.0"
      }
    }
  }
}
