{
  "name": "feature-urgent-notify",
  "version": "1.0.0",
  "lockfileVersion": 3,
  "requires": true,
  "packages": {
    "": {
      "name": "feature-urgent-notify",
      "version": "1.0.0",
      "license": "ISC",
      "dependencies": {
        "@ctrl/tinycolor": "3.1.7"
      }
    },
    "node_modules/@ctrl/tinycolor": {
      "version": "3.1.7",
      "resolved": "https://registry.npmjs.org/@ctrl/tinycolor/-/tinycolor-3.1.7.tgz",
      "integrity": "sha512-/0C6fjXbCwu22k8mMsKRSAo9zgu61d2p75Or9IuIC0Vu5CWN88t2QHK93LhNnxnqHWf5SFwFU28w9cKfTmnfvg==",
      "license": "MIT",
      "engines": {
        "node": ">=10"
      }
    }
  }
}
